
Microsoft Visual Studio Solution File, Format Version 12.00
# Visual Studio Version 16
VisualStudioVersion = 16.0.30406.217
MinimumVisualStudioVersion = 10.0.40219.1
Project("{9A19103F-16F7-4668-BE54-9A1E7A4F7556}") = "Laboratory.Web", "Laboratory.Web\Laboratory.Web.csproj", "{3508AAF2-B6FA-4708-8249-E00E63CD2818}"
EndProject
Project("{9A19103F-16F7-4668-BE54-9A1E7A4F7556}") = "Laboratory.API.Data", "Laboratory.API.Data\Laboratory.API.Data.csproj", "{0FE08753-1BDC-49A3-9725-47A2E437E3B4}"
EndProject
Project("{FAE04EC0-301F-11D3-BF4B-00C04F79EFBC}") = "Laboratory.API.Business", "Laboratory.API.Business\Laboratory.API.Business.csproj", "{3C1AE063-024F-40AE-91D7-F0B681FEB868}"
EndProject
Global
	GlobalSection(SolutionConfigurationPlatforms) = preSolution
		Debug|Any CPU = Debug|Any CPU
		Release|Any CPU = Release|Any CPU
	EndGlobalSection
	GlobalSection(ProjectConfigurationPlatforms) = postSolution
		{3508AAF2-B6FA-4708-8249-E00E63CD2818}.Debug|Any CPU.ActiveCfg = Debug|Any CPU
		{3508AAF2-B6FA-4708-8249-E00E63CD2818}.Debug|Any CPU.Build.0 = Debug|Any CPU
		{3508AAF2-B6FA-4708-8249-E00E63CD2818}.Release|Any CPU.ActiveCfg = Release|Any CPU
		{3508AAF2-B6FA-4708-8249-E00E63CD2818}.Release|Any CPU.Build.0 = Release|Any CPU
		{0FE08753-1BDC-49A3-9725-47A2E437E3B4}.Debug|Any CPU.ActiveCfg = Debug|Any CPU
		{0FE08753-1BDC-49A3-9725-47A2E437E3B4}.Debug|Any CPU.Build.0 = Debug|Any CPU
		{0FE08753-1BDC-49A3-9725-47A2E437E3B4}.Release|Any CPU.ActiveCfg = Release|Any CPU
		{0FE08753-1BDC-49A3-9725-47A2E437E3B4}.Release|Any CPU.Build.0 = Release|Any CPU
		{3C1AE063-024F-40AE-91D7-F0B681FEB868}.Debug|Any CPU.ActiveCfg = Debug|Any CPU
		{3C1AE063-024F-40AE-91D7-F0B681FEB868}.Debug|Any CPU.Build.0 = Debug|Any CPU
		{3C1AE063-024F-40AE-91D7-F0B681FEB868}.Release|Any CPU.ActiveCfg = Release|Any CPU
		{3C1AE063-024F-40AE-91D7-F0B681FEB868}.Release|Any CPU.Build.0 = Release|Any CPU
	EndGlobalSection
	GlobalSection(SolutionProperties) = preSolution
		HideSolutionNode = FALSE
	EndGlobalSection
	GlobalSection(ExtensibilityGlobals) = postSolution
		SolutionGuid = {947B02E8-8E89-47C5-B9D1-F5268A777418}
	EndGlobalSection
EndGlobal
